
Microsoft Visual Studio Solution File, Format Version 12.00
# Visual Studio Version 17
VisualStudioVersion = 17.9.34622.214
MinimumVisualStudioVersion = 10.0.40219.1
Project("{00D1A9C2-B5F0-4AF3-8072-F6C62B433612}") = "SQL-LEARN", "SQL-LEARN.sqlproj", "{398E9CC4-CB0A-4E0D-99F0-29077D3B6596}"
EndProject
Global
	GlobalSection(SolutionConfigurationPlatforms) = preSolution
		Debug|Any CPU = Debug|Any CPU
		Release|Any CPU = Release|Any CPU
	EndGlobalSection
	GlobalSection(ProjectConfigurationPlatforms) = postSolution
		{398E9CC4-CB0A-4E0D-99F0-29077D3B6596}.Debug|Any CPU.ActiveCfg = Debug|Any CPU
		{398E9CC4-CB0A-4E0D-99F0-29077D3B6596}.Debug|Any CPU.Build.0 = Debug|Any CPU
		{398E9CC4-CB0A-4E0D-99F0-29077D3B6596}.Debug|Any CPU.Deploy.0 = Debug|Any CPU
		{398E9CC4-CB0A-4E0D-99F0-29077D3B6596}.Release|Any CPU.ActiveCfg = Release|Any CPU
		{398E9CC4-CB0A-4E0D-99F0-29077D3B6596}.Release|Any CPU.Build.0 = Release|Any CPU
		{398E9CC4-CB0A-4E0D-99F0-29077D3B6596}.Release|Any CPU.Deploy.0 = Release|Any CPU
	EndGlobalSection
	GlobalSection(SolutionProperties) = preSolution
		HideSolutionNode = FALSE
	EndGlobalSection
	GlobalSection(ExtensibilityGlobals) = postSolution
		SolutionGuid = {EB47DA61-2C3E-4BC3-9BA7-C0FCE546C1A2}
	EndGlobalSection
EndGlobal
